
Microsoft Visual Studio Solution File, Format Version 12.00
# Visual Studio Version 17
VisualStudioVersion = 17.6.33801.468
MinimumVisualStudioVersion = 10.0.40219.1
Project("{FAE04EC0-301F-11D3-BF4B-00C04F79EFBC}") = "Demo_DOAN_CNPM", "WebApplication1\Demo_DOAN_CNPM.csproj", "{3B489B22-9371-4454-9944-DA1C67D64B21}"
EndProject
Global
	GlobalSection(SolutionConfigurationPlatforms) = preSolution
		Debug|Any CPU = Debug|Any CPU
		Release|Any CPU = Release|Any CPU
	EndGlobalSection
	GlobalSection(ProjectConfigurationPlatforms) = postSolution
		{3B489B22-9371-4454-9944-DA1C67D64B21}.Debug|Any CPU.ActiveCfg = Debug|Any CPU
		{3B489B22-9371-4454-9944-DA1C67D64B21}.Debug|Any CPU.Build.0 = Debug|Any CPU
		{3B489B22-9371-4454-9944-DA1C67D64B21}.Release|Any CPU.ActiveCfg = Release|Any CPU
		{3B489B22-9371-4454-9944-DA1C67D64B21}.Release|Any CPU.Build.0 = Release|Any CPU
	EndGlobalSection
	GlobalSection(SolutionProperties) = preSolution
		HideSolutionNode = FALSE
	EndGlobalSection
	GlobalSection(ExtensibilityGlobals) = postSolution
		SolutionGuid = {CE9016A2-B473-415A-AE0B-E650D892DF14}
	EndGlobalSection
EndGlobal
